PODS:
  - AFNetworking (2.2.4):
    - AFNetworking/NSURLConnection
    - AFNetworking/NSURLSession
    - AFNetworking/Reachability
    - AFNetworking/Security
    - AFNetworking/Serialization
    - AFNetworking/UIKit
  - AFNetworking/NSURLConnection (2.2.4):
    - AFNetworking/Reachability
    - AFNetworking/Security
    - AFNetworking/Serialization
  - AFNetworking/NSURLSession (2.2.4):
    - AFNetworking/NSURLConnection
  - AFNetworking/Reachability (2.2.4)
  - AFNetworking/Security (2.2.4)
  - AFNetworking/Serialization (2.2.4)
  - AFNetworking/UIKit (2.2.4):
    - AFNetworking/NSURLConnection
    - AFNetworking/NSURLSession
  - APAvatarImageView (1.1.0)
  - DACircularProgress (2.2.0)
  - IQKeyboardManager (3.0.8)
  - MBProgressHUD (0.9)
  - MWPhotoBrowser (1.4.1):
    - DACircularProgress
    - MBProgressHUD (~> 0.8)
    - PSTCollectionView (~> 1.2)
    - SDWebImage (~> 3.7)
  - NJKScrollFullScreen (0.2.4)
  - PSTCollectionView (1.2.3)
  - SDWebImage (3.7.1):
    - SDWebImage/Core
  - SDWebImage/Core (3.7.1)
  - SSKeychain (1.2.2)
  - TOWebViewController (2.0.14)

DEPENDENCIES:
  - AFNetworking (= 2.2.4)
  - APAvatarImageView (~> 1.1.0)
  - IQKeyboardManager (~> 3.0.6)
  - MWPhotoBrowser (~> 1.4.1)
  - NJKScrollFullScreen (~> 0.2.3)
  - SSKeychain (~> 1.2.2)
  - TOWebViewController (~> 2.0.14)

SPEC CHECKSUMS:
  AFNetworking: ab63e259fe91eef4519b371ef0a4955af0e73e64
  APAvatarImageView: b8324f6798f6068b61c433a43edeeba157e74bb2
  DACircularProgress: 3b41941891a56dc6aa17971f5322a9a38a6f446e
  IQKeyboardManager: 0bf193c2d8a4d9c2063b39d6bc9d4e45a381a02a
  MBProgressHUD: 2038dbcf3dce73215abed6001657043d53aa79a8
  MWPhotoBrowser: be05b3b7521e961382a4ba5579685bf5a00b93d8
  NJKScrollFullScreen: 6ef480f689d9ebf488e72e17edc2499e3c2c4789
  PSTCollectionView: d9f466e4554cc83260ca9bde7beb27f308e8fd76
  SDWebImage: 116e88633b5b416ea0ca4b334a4ac59cf72dd38d
  SSKeychain: cc48bd3ad24fcd9125adb9e0d23dd50b8bbd08b9
  TOWebViewController: d3eee5342e5f8508cc87107c96544f5dff01b802

COCOAPODS: 0.34.4
